Microsoft Visual Studio Solution File, Format Version 12.00
# Visual Studio 15
VisualStudioVersion = 15.0.27703.2026
MinimumVisualStudioVersion = 10.0.40219.1
Project("{2150E333-8FDC-42A3-9474-1A3956D46DE8}") = ".paket", ".paket", "{DAFC78CE-A7A0-4E39-8A7F-295329977335}"
	ProjectSection(SolutionItems) = preProject
		paket.dependencies = paket.dependencies
	EndProjectSection
EndProject
Project("{E53339B2-1760-4266-BCC7-CA923CBCF16C}") = "docker-compose", "docker-compose.dcproj", "{18F87DB8-EB3E-4AAB-9953-0DA9CAE11243}"
EndProject
Project("{9A19103F-16F7-4668-BE54-9A1E7A4F7556}") = "AppointmentApi", "SchedulingApi\AppointmentApi.csproj", "{8284B25D-8F70-463D-872F-86DF30B430BC}"
EndProject
Project("{2150E333-8FDC-42A3-9474-1A3956D46DE8}") = "A", "A", "{C87E8614-11B1-455F-B815-5C533647752B}"
EndProject
Project("{2150E333-8FDC-42A3-9474-1A3956D46DE8}") = "Services", "Services", "{50CFA2FE-75B3-46DB-8548-579CA115D9D7}"
EndProject
Project("{2150E333-8FDC-42A3-9474-1A3956D46DE8}") = "Infrastructure", "Infrastructure", "{6EF8B235-066A-4338-81C1-1F5841CE9D0F}"
EndProject
Project("{9A19103F-16F7-4668-BE54-9A1E7A4F7556}") = "EventBus", "EventBus\EventBus.csproj", "{432E98EB-4BC6-44CE-9B22-06243587FDB9}"
EndProject
Project("{9A19103F-16F7-4668-BE54-9A1E7A4F7556}") = "BasicIdentityServer", "BasicIdentityServer\BasicIdentityServer.csproj", "{1D3277C6-89E8-4880-858A-1953F858FB3B}"
EndProject
Project("{9A19103F-16F7-4668-BE54-9A1E7A4F7556}") = "SettingsApi", "SettingsApi\SettingsApi.csproj", "{46FC0E45-EC82-4D52-9251-11ED0CE927D2}"
EndProject
Project("{2150E333-8FDC-42A3-9474-1A3956D46DE8}") = "DDD", "DDD", "{49E181F7-7780-4530-A993-6A75FAD9BA45}"
EndProject
Project("{2150E333-8FDC-42A3-9474-1A3956D46DE8}") = "3L", "3L", "{9EF4F635-ECDA-45C9-8C57-04B16593A261}"
EndProject
Project("{2150E333-8FDC-42A3-9474-1A3956D46DE8}") = "SolutionItems", "SolutionItems", "{C38795AB-1963-4415-9AF7-2CC828C4EC1B}"
	ProjectSection(SolutionItems) = preProject
		ControllerApi\__TemplateIcon.ico = ControllerApi\__TemplateIcon.ico
		ControllerApi\ApiController.cs = ControllerApi\ApiController.cs
		ControllerApi\MyTemplate.vstemplate = ControllerApi\MyTemplate.vstemplate
	EndProjectSection
EndProject
Project("{9A19103F-16F7-4668-BE54-9A1E7A4F7556}") = "EventBus.Kafka", "EventBusKafka\EventBus.Kafka.csproj", "{274CEC8C-2F43-4460-BD11-BD8D52F05864}"
EndProject
Project("{9A19103F-16F7-4668-BE54-9A1E7A4F7556}") = "Ordering.SignalrHub", "Ordering.SignalrHub\Ordering.SignalrHub.csproj", "{827EA531-B480-4EF0-B026-C1324869DFD4}"
EndProject
Global
	GlobalSection(SolutionConfigurationPlatforms) = preSolution
		Debug|Any CPU = Debug|Any CPU
		Release|Any CPU = Release|Any CPU
	EndGlobalSection
	GlobalSection(ProjectConfigurationPlatforms) = postSolution
		{18F87DB8-EB3E-4AAB-9953-0DA9CAE11243}.Debug|Any CPU.ActiveCfg = Debug|Any CPU
		{18F87DB8-EB3E-4AAB-9953-0DA9CAE11243}.Debug|Any CPU.Build.0 = Debug|Any CPU
		{18F87DB8-EB3E-4AAB-9953-0DA9CAE11243}.Release|Any CPU.ActiveCfg = Release|Any CPU
		{18F87DB8-EB3E-4AAB-9953-0DA9CAE11243}.Release|Any CPU.Build.0 = Release|Any CPU
		{8284B25D-8F70-463D-872F-86DF30B430BC}.Debug|Any CPU.ActiveCfg = Debug|Any CPU
		{8284B25D-8F70-463D-872F-86DF30B430BC}.Debug|Any CPU.Build.0 = Debug|Any CPU
		{8284B25D-8F70-463D-872F-86DF30B430BC}.Release|Any CPU.ActiveCfg = Release|Any CPU
		{8284B25D-8F70-463D-872F-86DF30B430BC}.Release|Any CPU.Build.0 = Release|Any CPU
		{432E98EB-4BC6-44CE-9B22-06243587FDB9}.Debug|Any CPU.ActiveCfg = Debug|Any CPU
		{432E98EB-4BC6-44CE-9B22-06243587FDB9}.Debug|Any CPU.Build.0 = Debug|Any CPU
		{432E98EB-4BC6-44CE-9B22-06243587FDB9}.Release|Any CPU.ActiveCfg = Release|Any CPU
		{432E98EB-4BC6-44CE-9B22-06243587FDB9}.Release|Any CPU.Build.0 = Release|Any CPU
		{1D3277C6-89E8-4880-858A-1953F858FB3B}.Debug|Any CPU.ActiveCfg = Debug|Any CPU
		{1D3277C6-89E8-4880-858A-1953F858FB3B}.Debug|Any CPU.Build.0 = Debug|Any CPU
		{1D3277C6-89E8-4880-858A-1953F858FB3B}.Release|Any CPU.ActiveCfg = Release|Any CPU
		{1D3277C6-89E8-4880-858A-1953F858FB3B}.Release|Any CPU.Build.0 = Release|Any CPU
		{46FC0E45-EC82-4D52-9251-11ED0CE927D2}.Debug|Any CPU.ActiveCfg = Debug|Any CPU
		{46FC0E45-EC82-4D52-9251-11ED0CE927D2}.Debug|Any CPU.Build.0 = Debug|Any CPU
		{46FC0E45-EC82-4D52-9251-11ED0CE927D2}.Release|Any CPU.ActiveCfg = Release|Any CPU
		{46FC0E45-EC82-4D52-9251-11ED0CE927D2}.Release|Any CPU.Build.0 = Release|Any CPU
		{274CEC8C-2F43-4460-BD11-BD8D52F05864}.Debug|Any CPU.ActiveCfg = Debug|Any CPU
		{274CEC8C-2F43-4460-BD11-BD8D52F05864}.Debug|Any CPU.Build.0 = Debug|Any CPU
		{274CEC8C-2F43-4460-BD11-BD8D52F05864}.Release|Any CPU.ActiveCfg = Release|Any CPU
		{274CEC8C-2F43-4460-BD11-BD8D52F05864}.Release|Any CPU.Build.0 = Release|Any CPU
		{827EA531-B480-4EF0-B026-C1324869DFD4}.Debug|Any CPU.ActiveCfg = Debug|Any CPU
		{827EA531-B480-4EF0-B026-C1324869DFD4}.Debug|Any CPU.Build.0 = Debug|Any CPU
		{827EA531-B480-4EF0-B026-C1324869DFD4}.Release|Any CPU.ActiveCfg = Release|Any CPU
		{827EA531-B480-4EF0-B026-C1324869DFD4}.Release|Any CPU.Build.0 = Release|Any CPU
	EndGlobalSection
	GlobalSection(SolutionProperties) = preSolution
		HideSolutionNode = FALSE
	EndGlobalSection
	GlobalSection(NestedProjects) = preSolution
		{18F87DB8-EB3E-4AAB-9953-0DA9CAE11243} = {C87E8614-11B1-455F-B815-5C533647752B}
		{8284B25D-8F70-463D-872F-86DF30B430BC} = {49E181F7-7780-4530-A993-6A75FAD9BA45}
		{432E98EB-4BC6-44CE-9B22-06243587FDB9} = {6EF8B235-066A-4338-81C1-1F5841CE9D0F}
		{46FC0E45-EC82-4D52-9251-11ED0CE927D2} = {9EF4F635-ECDA-45C9-8C57-04B16593A261}
		{49E181F7-7780-4530-A993-6A75FAD9BA45} = {50CFA2FE-75B3-46DB-8548-579CA115D9D7}
		{9EF4F635-ECDA-45C9-8C57-04B16593A261} = {50CFA2FE-75B3-46DB-8548-579CA115D9D7}
		{274CEC8C-2F43-4460-BD11-BD8D52F05864} = {6EF8B235-066A-4338-81C1-1F5841CE9D0F}
		{827EA531-B480-4EF0-B026-C1324869DFD4} = {6EF8B235-066A-4338-81C1-1F5841CE9D0F}
	EndGlobalSection
	GlobalSection(ExtensibilityGlobals) = postSolution
		SolutionGuid = {F2C89B3B-B065-4B11-9F22-AEF90973F4DC}
	EndGlobalSection
EndGlobal
