
Microsoft Visual Studio Solution File, Format Version 12.00
# Visual Studio 15
VisualStudioVersion = 15.0.27703.2026
MinimumVisualStudioVersion = 10.0.40219.1
Project("{E53339B2-1760-4266-BCC7-CA923CBCF16C}") = "docker-compose", "docker-compose.dcproj", "{18F87DB8-EB3E-4AAB-9953-0DA9CAE11243}"
EndProject
Project("{9A19103F-16F7-4668-BE54-9A1E7A4F7556}") = "AppointmentApi", "SchedulingApi\AppointmentApi.csproj", "{8284B25D-8F70-463D-872F-86DF30B430BC}"
EndProject
Project("{2150E333-8FDC-42A3-9474-1A3956D46DE8}") = "A", "A", "{C87E8614-11B1-455F-B815-5C533647752B}"
EndProject
Project("{2150E333-8FDC-42A3-9474-1A3956D46DE8}") = "Services", "Services", "{50CFA2FE-75B3-46DB-8548-579CA115D9D7}"
EndProject
Project("{2150E333-8FDC-42A3-9474-1A3956D46DE8}") = "Infrastructure", "Infrastructure", "{6EF8B235-066A-4338-81C1-1F5841CE9D0F}"
EndProject
Project("{2150E333-8FDC-42A3-9474-1A3956D46DE8}") = "ApiGateways", "ApiGateways", "{419B5D2C-E0B9-4AEE-8888-8308151A7427}"
EndProject
Project("{2150E333-8FDC-42A3-9474-1A3956D46DE8}") = "HealthChecks", "HealthChecks", "{7FA0A9A9-DE7A-486B-B93E-05E29570E75B}"
EndProject
Project("{9A19103F-16F7-4668-BE54-9A1E7A4F7556}") = "EventFlow.MongoDB", "..\EventFlow.MongoDB\Source\EventFlow.MongoDB\EventFlow.MongoDB.csproj", "{8FCB7790-4F39-4FBE-B3BE-C56AFD7E1EA1}"
EndProject
Project("{9A19103F-16F7-4668-BE54-9A1E7A4F7556}") = "TestConsole", "..\TestConsole\TestConsole.csproj", "{0C96722F-042D-4CED-825A-7AB3338306EC}"
EndProject
Project("{9A19103F-16F7-4668-BE54-9A1E7A4F7556}") = "EventBus", "EventBus\EventBus\EventBus.csproj", "{432E98EB-4BC6-44CE-9B22-06243587FDB9}"
EndProject
Project("{9A19103F-16F7-4668-BE54-9A1E7A4F7556}") = "EventFlow.Kafka", "..\EventFlowKafka\EventFlow.Kafka\EventFlow.Kafka.csproj", "{79BE2B9F-A258-4DA3-88F4-DD8BB68851F2}"
EndProject
Project("{9A19103F-16F7-4668-BE54-9A1E7A4F7556}") = "Identity.MongoDb", "..\Identity.MongoDb\Identity.MongoDb\Identity.MongoDb.csproj", "{C014FF18-5848-4642-87AC-2B6B4CD1CEDC}"
EndProject
Project("{9A19103F-16F7-4668-BE54-9A1E7A4F7556}") = "BasicIdentityServer", "BasicIdentityServer\BasicIdentityServer.csproj", "{1D3277C6-89E8-4880-858A-1953F858FB3B}"
EndProject
Project("{9A19103F-16F7-4668-BE54-9A1E7A4F7556}") = "SettingsApi", "SettingsApi\SettingsApi.csproj", "{46FC0E45-EC82-4D52-9251-11ED0CE927D2}"
EndProject
Project("{2150E333-8FDC-42A3-9474-1A3956D46DE8}") = "DDD", "DDD", "{49E181F7-7780-4530-A993-6A75FAD9BA45}"
EndProject
Project("{2150E333-8FDC-42A3-9474-1A3956D46DE8}") = "3L", "3L", "{9EF4F635-ECDA-45C9-8C57-04B16593A261}"
EndProject
Project("{9A19103F-16F7-4668-BE54-9A1E7A4F7556}") = "MongoDbGenericRepository", "..\mongodb-generic-repository\MongoDbGenericRepository\MongoDbGenericRepository.csproj", "{A8BE1E6E-CECE-49BA-AC2B-6E34EEC1BE04}"
EndProject
Project("{2150E333-8FDC-42A3-9474-1A3956D46DE8}") = "SolutionItems", "SolutionItems", "{C38795AB-1963-4415-9AF7-2CC828C4EC1B}"
	ProjectSection(SolutionItems) = preProject
		ControllerApi\__TemplateIcon.ico = ControllerApi\__TemplateIcon.ico
		ControllerApi\ApiController.cs = ControllerApi\ApiController.cs
		ControllerApi\MyTemplate.vstemplate = ControllerApi\MyTemplate.vstemplate
	EndProjectSection
EndProject
Project("{FAE04EC0-301F-11D3-BF4B-00C04F79EFBC}") = "EventBusKafka", "EventBusKafka\EventBusKafka.csproj", "{274CEC8C-2F43-4460-BD11-BD8D52F05864}"
EndProject
Global
	GlobalSection(SolutionConfigurationPlatforms) = preSolution
		Debug|Any CPU = Debug|Any CPU
		Release|Any CPU = Release|Any CPU
	EndGlobalSection
	GlobalSection(ProjectConfigurationPlatforms) = postSolution
		{18F87DB8-EB3E-4AAB-9953-0DA9CAE11243}.Debug|Any CPU.ActiveCfg = Debug|Any CPU
		{18F87DB8-EB3E-4AAB-9953-0DA9CAE11243}.Debug|Any CPU.Build.0 = Debug|Any CPU
		{18F87DB8-EB3E-4AAB-9953-0DA9CAE11243}.Release|Any CPU.ActiveCfg = Release|Any CPU
		{18F87DB8-EB3E-4AAB-9953-0DA9CAE11243}.Release|Any CPU.Build.0 = Release|Any CPU
		{8284B25D-8F70-463D-872F-86DF30B430BC}.Debug|Any CPU.ActiveCfg = Debug|Any CPU
		{8284B25D-8F70-463D-872F-86DF30B430BC}.Debug|Any CPU.Build.0 = Debug|Any CPU
		{8284B25D-8F70-463D-872F-86DF30B430BC}.Release|Any CPU.ActiveCfg = Release|Any CPU
		{8284B25D-8F70-463D-872F-86DF30B430BC}.Release|Any CPU.Build.0 = Release|Any CPU
		{8FCB7790-4F39-4FBE-B3BE-C56AFD7E1EA1}.Debug|Any CPU.ActiveCfg = Debug|Any CPU
		{8FCB7790-4F39-4FBE-B3BE-C56AFD7E1EA1}.Debug|Any CPU.Build.0 = Debug|Any CPU
		{8FCB7790-4F39-4FBE-B3BE-C56AFD7E1EA1}.Release|Any CPU.ActiveCfg = Release|Any CPU
		{8FCB7790-4F39-4FBE-B3BE-C56AFD7E1EA1}.Release|Any CPU.Build.0 = Release|Any CPU
		{0C96722F-042D-4CED-825A-7AB3338306EC}.Debug|Any CPU.ActiveCfg = Debug|Any CPU
		{0C96722F-042D-4CED-825A-7AB3338306EC}.Debug|Any CPU.Build.0 = Debug|Any CPU
		{0C96722F-042D-4CED-825A-7AB3338306EC}.Release|Any CPU.ActiveCfg = Release|Any CPU
		{0C96722F-042D-4CED-825A-7AB3338306EC}.Release|Any CPU.Build.0 = Release|Any CPU
		{432E98EB-4BC6-44CE-9B22-06243587FDB9}.Debug|Any CPU.ActiveCfg = Debug|Any CPU
		{432E98EB-4BC6-44CE-9B22-06243587FDB9}.Debug|Any CPU.Build.0 = Debug|Any CPU
		{432E98EB-4BC6-44CE-9B22-06243587FDB9}.Release|Any CPU.ActiveCfg = Release|Any CPU
		{432E98EB-4BC6-44CE-9B22-06243587FDB9}.Release|Any CPU.Build.0 = Release|Any CPU
		{79BE2B9F-A258-4DA3-88F4-DD8BB68851F2}.Debug|Any CPU.ActiveCfg = Debug|Any CPU
		{79BE2B9F-A258-4DA3-88F4-DD8BB68851F2}.Debug|Any CPU.Build.0 = Debug|Any CPU
		{79BE2B9F-A258-4DA3-88F4-DD8BB68851F2}.Release|Any CPU.ActiveCfg = Release|Any CPU
		{79BE2B9F-A258-4DA3-88F4-DD8BB68851F2}.Release|Any CPU.Build.0 = Release|Any CPU
		{C014FF18-5848-4642-87AC-2B6B4CD1CEDC}.Debug|Any CPU.ActiveCfg = Debug|Any CPU
		{C014FF18-5848-4642-87AC-2B6B4CD1CEDC}.Debug|Any CPU.Build.0 = Debug|Any CPU
		{C014FF18-5848-4642-87AC-2B6B4CD1CEDC}.Release|Any CPU.ActiveCfg = Release|Any CPU
		{C014FF18-5848-4642-87AC-2B6B4CD1CEDC}.Release|Any CPU.Build.0 = Release|Any CPU
		{1D3277C6-89E8-4880-858A-1953F858FB3B}.Debug|Any CPU.ActiveCfg = Debug|Any CPU
		{1D3277C6-89E8-4880-858A-1953F858FB3B}.Debug|Any CPU.Build.0 = Debug|Any CPU
		{1D3277C6-89E8-4880-858A-1953F858FB3B}.Release|Any CPU.ActiveCfg = Release|Any CPU
		{1D3277C6-89E8-4880-858A-1953F858FB3B}.Release|Any CPU.Build.0 = Release|Any CPU
		{46FC0E45-EC82-4D52-9251-11ED0CE927D2}.Debug|Any CPU.ActiveCfg = Debug|Any CPU
		{46FC0E45-EC82-4D52-9251-11ED0CE927D2}.Debug|Any CPU.Build.0 = Debug|Any CPU
		{46FC0E45-EC82-4D52-9251-11ED0CE927D2}.Release|Any CPU.ActiveCfg = Release|Any CPU
		{46FC0E45-EC82-4D52-9251-11ED0CE927D2}.Release|Any CPU.Build.0 = Release|Any CPU
		{A8BE1E6E-CECE-49BA-AC2B-6E34EEC1BE04}.Debug|Any CPU.ActiveCfg = Debug|Any CPU
		{A8BE1E6E-CECE-49BA-AC2B-6E34EEC1BE04}.Debug|Any CPU.Build.0 = Debug|Any CPU
		{A8BE1E6E-CECE-49BA-AC2B-6E34EEC1BE04}.Release|Any CPU.ActiveCfg = Release|Any CPU
		{A8BE1E6E-CECE-49BA-AC2B-6E34EEC1BE04}.Release|Any CPU.Build.0 = Release|Any CPU
		{274CEC8C-2F43-4460-BD11-BD8D52F05864}.Debug|Any CPU.ActiveCfg = Debug|Any CPU
		{274CEC8C-2F43-4460-BD11-BD8D52F05864}.Debug|Any CPU.Build.0 = Debug|Any CPU
		{274CEC8C-2F43-4460-BD11-BD8D52F05864}.Release|Any CPU.ActiveCfg = Release|Any CPU
		{274CEC8C-2F43-4460-BD11-BD8D52F05864}.Release|Any CPU.Build.0 = Release|Any CPU
	EndGlobalSection
	GlobalSection(SolutionProperties) = preSolution
		HideSolutionNode = FALSE
	EndGlobalSection
	GlobalSection(NestedProjects) = preSolution
		{274CEC8C-2F43-4460-BD11-BD8D52F05864} = {6EF8B235-066A-4338-81C1-1F5841CE9D0F}
		{18F87DB8-EB3E-4AAB-9953-0DA9CAE11243} = {C87E8614-11B1-455F-B815-5C533647752B}
		{8284B25D-8F70-463D-872F-86DF30B430BC} = {49E181F7-7780-4530-A993-6A75FAD9BA45}
		{8FCB7790-4F39-4FBE-B3BE-C56AFD7E1EA1} = {6EF8B235-066A-4338-81C1-1F5841CE9D0F}
		{432E98EB-4BC6-44CE-9B22-06243587FDB9} = {6EF8B235-066A-4338-81C1-1F5841CE9D0F}
		
		{79BE2B9F-A258-4DA3-88F4-DD8BB68851F2} = {6EF8B235-066A-4338-81C1-1F5841CE9D0F}
		{C014FF18-5848-4642-87AC-2B6B4CD1CEDC} = {6EF8B235-066A-4338-81C1-1F5841CE9D0F}
		{46FC0E45-EC82-4D52-9251-11ED0CE927D2} = {9EF4F635-ECDA-45C9-8C57-04B16593A261}
		{49E181F7-7780-4530-A993-6A75FAD9BA45} = {50CFA2FE-75B3-46DB-8548-579CA115D9D7}
		{9EF4F635-ECDA-45C9-8C57-04B16593A261} = {50CFA2FE-75B3-46DB-8548-579CA115D9D7}
		{A8BE1E6E-CECE-49BA-AC2B-6E34EEC1BE04} = {6EF8B235-066A-4338-81C1-1F5841CE9D0F}
	EndGlobalSection
	GlobalSection(ExtensibilityGlobals) = postSolution
		SolutionGuid = {F2C89B3B-B065-4B11-9F22-AEF90973F4DC}
	EndGlobalSection
EndGlobal
